{
  "R": {
    "Version": "4.1.0",
    "Repositories": [
      {
        "Name": "CRAN",
        "URL": "https://packagemanager.rstudio.com/all/latest"
      }
    ]
  },
  "Bioconductor": {
    "Version": "3.13"
  },
  "Packages": {
    "ALL": {
      "Package": "ALL",
      "Version": "1.34.0",
      "Source": "Bioconductor",
      "Hash": "ee0016491e34a6d5386d00782b7b214b"
    },
    "AnnotationDbi": {
      "Package": "AnnotationDbi",
      "Version": "1.54.1",
      "Source": "Bioconductor",
      "Hash": "5c5813b294bf80a7664ffbaea0e719ba"
    },
    "BH": {
      "Package": "BH",
      "Version": "1.75.0-0",
      "Source": "Repository",
      "Repository": "RSPM",
      "Hash": "e4c04affc2cac20c8fec18385cd14691"
    },
    "Biobase": {
      "Package": "Biobase",
      "Version": "2.52.0",
      "Source": "Bioconductor",
      "Hash": "416e5025920f5c337ca9d67954332d2c"
    },
    "BiocGenerics": {
      "Package": "BiocGenerics",
      "Version": "0.38.0",
      "Source": "Bioconductor",
      "Hash": "de5e346fed0fc44a0424a0531cf5d12d"
    },
    "BiocParallel": {
      "Package": "BiocParallel",
      "Version": "1.26.2",
      "Source": "Bioconductor",
      "Hash": "f7ee4d59467a81acff395689e25f576b"
    },
    "Biostrings": {
      "Package": "Biostrings",
      "Version": "2.60.2",
      "Source": "Bioconductor",
      "Hash": "99156112c2bb9dc64c0023ee579eb5d0"
    },
    "ConsensusClusterPlus": {
      "Package": "ConsensusClusterPlus",
      "Version": "1.56.0",
      "Source": "Bioconductor",
      "Hash": "6f8de325343a60f1583c9eb1e32271ac"
    },
    "DBI": {
      "Package": "DBI",
      "Version": "1.1.1",
      "Source": "Repository",
      "Repository": "RSPM",
      "Hash": "030aaec5bc6553f35347cbb1e70b1a17"
    },
    "DESeq2": {
      "Package": "DESeq2",
      "Version": "1.32.0",
      "Source": "Bioconductor",
      "Hash": "d09f122289f9f80b45fc6c054930a63d"
    },
    "DMwR": {
      "Package": "DMwR",
      "Version": "0.4.1",
      "Source": "GitHub",
      "Repository": "CRAN",
      "RemoteType": "github",
      "RemoteHost": "api.github.com",
      "RemoteRepo": "DMwR",
      "RemoteUsername": "cran",
      "RemoteRef": "HEAD",
      "RemoteSha": "6fd4f0cd7a724f77586265f18e1a02cb48422bfc",
      "Hash": "0759cdfa2d5feb677fe3da9ff59b22a2"
    },
    "DelayedArray": {
      "Package": "DelayedArray",
      "Version": "0.18.0",
      "Source": "Bioconductor",
      "Hash": "f90af4ffe50d94121884a63d732872b2"
    },
    "GSA": {
      "Package": "GSA",
      "Version": "1.03.1",
      "Source": "Repository",
      "Repository": "RSPM",
      "Hash": "2884744a05de7a49d3d260ae0b45d704"
    },
    "GSEABase": {
      "Package": "GSEABase",
      "Version": "1.54.0",
      "Source": "Bioconductor",
      "Hash": "75ca4356cf6c430097d6afe2feb7f347"
    },
    "GenomeInfoDb": {
      "Package": "GenomeInfoDb",
      "Version": "1.28.2",
      "Source": "Bioconductor",
      "Hash": "ae05b963b06be12f6e6e15361d60a3a4"
    },
    "GenomeInfoDbData": {
      "Package": "GenomeInfoDbData",
      "Version": "1.2.6",
      "Source": "Bioconductor",
      "Hash": "64835ce2e680bc34bd1de009121663f8"
    },
    "GenomicRanges": {
      "Package": "GenomicRanges",
      "Version": "1.44.0",
      "Source": "Bioconductor",
      "Hash": "a2c2100168457acebeca6b365bb87bfc"
    },
    "IRanges": {
      "Package": "IRanges",
      "Version": "2.26.0",
      "Source": "Bioconductor",
      "Hash": "7859b18fedba59e99467df40b42e3553"
    },
    "KEGGREST": {
      "Package": "KEGGREST",
      "Version": "1.32.0",
      "Source": "Bioconductor",
      "Hash": "343c1821f29a5061d66b2bdb4e87da35"
    },
    "KernSmooth": {
      "Package": "KernSmooth",
      "Version": "2.23-20",
      "Source": "Repository",
      "Repository": "CRAN",
      "Hash": "8dcfa99b14c296bc9f1fd64d52fd3ce7"
    },
    "MASS": {
      "Package": "MASS",
      "Version": "7.3-54",
      "Source": "Repository",
      "Repository": "RSPM",
      "Hash": "0e59129db205112e3963904db67fd0dc"
    },
    "Matrix": {
      "Package": "Matrix",
      "Version": "1.3-4",
      "Source": "Repository",
      "Repository": "RSPM",
      "Hash": "4ed05e9c9726267e4a5872e09c04587c"
    },
    "MatrixGenerics": {
      "Package": "MatrixGenerics",
      "Version": "1.4.3",
      "Source": "Bioconductor",
      "Hash": "cd9223fc4688653e947f1e226a9e020d"
    },
    "MetaDCN": {
      "Package": "MetaDCN",
      "Version": "0.0-1",
      "Source": "GitHub",
      "RemoteType": "github",
      "RemoteHost": "api.github.com",
      "RemoteRepo": "MetaDCN",
      "RemoteUsername": "metaOmics",
      "RemoteRef": "HEAD",
      "RemoteSha": "13f1f9b8f70e808aad46b473e38f74f6e661df34",
      "Hash": "246fdb7e87f6a12fedf1b176fc9c1291"
    },
    "MetaDE": {
      "Package": "MetaDE",
      "Version": "2.2.3",
      "Source": "GitHub",
      "RemoteType": "github",
      "RemoteHost": "api.github.com",
      "RemoteRepo": "MetaDE",
      "RemoteUsername": "metaOmics",
      "RemoteRef": "HEAD",
      "RemoteSha": "6b96ad8ab2158f24c0ec9f844d59486eb0cb3089",
      "Hash": "8598944739859703e37b4623921341ac"
    },
    "MetaPath": {
      "Package": "MetaPath",
      "Version": "2.0",
      "Source": "GitHub",
      "RemoteType": "github",
      "RemoteHost": "api.github.com",
      "RemoteRepo": "MetaPath",
      "RemoteUsername": "metaOmics",
      "RemoteRef": "HEAD",
      "RemoteSha": "bd0df2a523b7b1c94c82f937b91bb1d070828bce",
      "Hash": "e304539c73d4320505dfac85078b0efc"
    },
    "MetaQC": {
      "Package": "MetaQC",
      "Version": "1.0",
      "Source": "GitHub",
      "RemoteType": "github",
      "RemoteHost": "api.github.com",
      "RemoteRepo": "MetaQC",
      "RemoteUsername": "metaOmics",
      "RemoteRef": "HEAD",
      "RemoteSha": "19e0bc10ad96e506ec767495fc23bebdc047e893",
      "Hash": "667b2039d28d5b5fba8626d1d97a468c"
    },
    "R6": {
      "Package": "R6",
      "Version": "2.5.1",
      "Source": "Repository",
      "Repository": "RSPM",
      "Hash": "470851b6d5d0ac559e9d01bb352b4021"
    },
    "RColorBrewer": {
      "Package": "RColorBrewer",
      "Version": "1.1-2",
      "Source": "Repository",
      "Repository": "RSPM",
      "Hash": "e031418365a7f7a766181ab5a41a5716"
    },
    "RCurl": {
      "Package": "RCurl",
      "Version": "1.98-1.4",
      "Source": "Repository",
      "Repository": "RSPM",
      "Hash": "e43588d9fa3aa87ca9ee96450e810895"
    },
    "ROCR": {
      "Package": "ROCR",
      "Version": "1.0-11",
      "Source": "Repository",
      "Repository": "RSPM",
      "Hash": "cc151930e20e16427bc3d0daec62b4a9"
    },
    "RSQLite": {
      "Package": "RSQLite",
      "Version": "2.2.8",
      "Source": "Repository",
      "Repository": "RSPM",
      "Hash": "1eab1dd4df2b76758fd8acab09a0e9b6"
    },
    "Rcpp": {
      "Package": "Rcpp",
      "Version": "1.0.7",
      "Source": "Repository",
      "Repository": "RSPM",
      "Hash": "dab19adae4440ae55aa8a9d238b246bb"
    },
    "RcppArmadillo": {
      "Package": "RcppArmadillo",
      "Version": "0.10.6.0.0",
      "Source": "Repository",
      "Repository": "RSPM",
      "Hash": "d34bcef6e2df81ab2d44c7fbe8b4d3f0"
    },
    "Rgraphviz": {
      "Package": "Rgraphviz",
      "Version": "2.36.0",
      "Source": "Bioconductor",
      "Hash": "60d2406f4304a63256c7bc2ce832520e"
    },
    "S4Vectors": {
      "Package": "S4Vectors",
      "Version": "0.30.0",
      "Source": "Bioconductor",
      "Hash": "a750488825efca8e08a30e8157821b9b"
    },
    "SummarizedExperiment": {
      "Package": "SummarizedExperiment",
      "Version": "1.22.0",
      "Source": "Bioconductor",
      "Hash": "74391cb9cefb4bcdffc38778fea7ecf3"
    },
    "TTR": {
      "Package": "TTR",
      "Version": "0.24.2",
      "Source": "Repository",
      "Repository": "RSPM",
      "Hash": "7e2c62de2799dc212e5b52526c288e72"
    },
    "XML": {
      "Package": "XML",
      "Version": "3.99-0.7",
      "Source": "Repository",
      "Repository": "RSPM",
      "Hash": "09776593e3e9d555fbd10fe98781103a"
    },
    "XVector": {
      "Package": "XVector",
      "Version": "0.32.0",
      "Source": "Bioconductor",
      "Hash": "0d2db71f7183fe0de9a7058de3d3cd15"
    },
    "abind": {
      "Package": "abind",
      "Version": "1.4-5",
      "Source": "Repository",
      "Repository": "RSPM",
      "Hash": "4f57884290cc75ab22f4af9e9d4ca862"
    },
    "annotate": {
      "Package": "annotate",
      "Version": "1.70.0",
      "Source": "Bioconductor",
      "Hash": "ab6a87e511197d27c01d2b5f72df0618"
    },
    "askpass": {
      "Package": "askpass",
      "Version": "1.1",
      "Source": "Repository",
      "Repository": "RSPM",
      "Hash": "e8a22846fff485f0be3770c2da758713"
    },
    "base64enc": {
      "Package": "base64enc",
      "Version": "0.1-3",
      "Source": "Repository",
      "Repository": "RSPM",
      "Hash": "543776ae6848fde2f48ff3816d0628bc"
    },
    "bit": {
      "Package": "bit",
      "Version": "4.0.4",
      "Source": "Repository",
      "Repository": "RSPM",
      "Hash": "f36715f14d94678eea9933af927bc15d"
    },
    "bit64": {
      "Package": "bit64",
      "Version": "4.0.5",
      "Source": "Repository",
      "Repository": "RSPM",
      "Hash": "9fe98599ca456d6552421db0d6772d8f"
    },
    "bitops": {
      "Package": "bitops",
      "Version": "1.0-7",
      "Source": "Repository",
      "Repository": "RSPM",
      "Hash": "b7d8d8ee39869c18d8846a184dd8a1af"
    },
    "blob": {
      "Package": "blob",
      "Version": "1.2.2",
      "Source": "Repository",
      "Repository": "RSPM",
      "Hash": "dc5f7a6598bb025d20d66bb758f12879"
    },
    "bookdown": {
      "Package": "bookdown",
      "Version": "0.23",
      "Source": "Repository",
      "Repository": "RSPM",
      "Hash": "bc07f4b5b93bbf21075429e0c7e090f8"
    },
    "bslib": {
      "Package": "bslib",
      "Version": "0.2.5.1",
      "Source": "Repository",
      "Repository": "RSPM",
      "Hash": "2f069f3f42847231aef7baa49bed97b0"
    },
    "caTools": {
      "Package": "caTools",
      "Version": "1.18.2",
      "Source": "Repository",
      "Repository": "RSPM",
      "Hash": "34d90fa5845004236b9eacafc51d07b2"
    },
    "cachem": {
      "Package": "cachem",
      "Version": "1.0.6",
      "Source": "Repository",
      "Repository": "RSPM",
      "Hash": "648c5b3d71e6a37e3043617489a0a0e9"
    },
    "class": {
      "Package": "class",
      "Version": "7.3-19",
      "Source": "Repository",
      "Repository": "CRAN",
      "Hash": "1593b7beb067c8381c0d24e38bd778e0"
    },
    "cli": {
      "Package": "cli",
      "Version": "3.0.1",
      "Source": "Repository",
      "Repository": "RSPM",
      "Hash": "e3ae5d68dea0c55a12ea12a9fda02e61"
    },
    "cluster": {
      "Package": "cluster",
      "Version": "2.1.2",
      "Source": "Repository",
      "Repository": "CRAN",
      "Hash": "ce49bfe5bc0b3ecd43a01fe1b01c2243"
    },
    "colorspace": {
      "Package": "colorspace",
      "Version": "2.0-2",
      "Source": "Repository",
      "Repository": "RSPM",
      "Hash": "6baccb763ee83c0bd313460fdb8b8a84"
    },
    "combinat": {
      "Package": "combinat",
      "Version": "0.0-8",
      "Source": "Repository",
      "Repository": "RSPM",
      "Hash": "f0acb9dcb71a9cd9d5ae233c5035b1c5"
    },
    "commonmark": {
      "Package": "commonmark",
      "Version": "1.7",
      "Source": "Repository",
      "Repository": "RSPM",
      "Hash": "0f22be39ec1d141fd03683c06f3a6e67"
    },
    "crayon": {
      "Package": "crayon",
      "Version": "1.4.1",
      "Source": "Repository",
      "Repository": "RSPM",
      "Hash": "e75525c55c70e5f4f78c9960a4b402e9"
    },
    "curl": {
      "Package": "curl",
      "Version": "4.3.2",
      "Source": "Repository",
      "Repository": "RSPM",
      "Hash": "022c42d49c28e95d69ca60446dbabf88"
    },
    "digest": {
      "Package": "digest",
      "Version": "0.6.27",
      "Source": "Repository",
      "Repository": "RSPM",
      "Hash": "a0cbe758a531d054b537d16dff4d58a1"
    },
    "edgeR": {
      "Package": "edgeR",
      "Version": "3.34.0",
      "Source": "Bioconductor",
      "Hash": "bde45b1b86df56523543c7c20dbe869f"
    },
    "ellipsis": {
      "Package": "ellipsis",
      "Version": "0.3.2",
      "Source": "Repository",
      "Repository": "RSPM",
      "Hash": "bb0eec2fe32e88d9e2836c2f73ea2077"
    },
    "evaluate": {
      "Package": "evaluate",
      "Version": "0.14",
      "Source": "Repository",
      "Repository": "RSPM",
      "Hash": "ec8ca05cffcc70569eaaad8469d2a3a7"
    },
    "fansi": {
      "Package": "fansi",
      "Version": "0.5.0",
      "Source": "Repository",
      "Repository": "RSPM",
      "Hash": "d447b40982c576a72b779f0a3b3da227"
    },
    "farver": {
      "Package": "farver",
      "Version": "2.1.0",
      "Source": "Repository",
      "Repository": "RSPM",
      "Hash": "c98eb5133d9cb9e1622b8691487f11bb"
    },
    "fastmap": {
      "Package": "fastmap",
      "Version": "1.1.0",
      "Source": "Repository",
      "Repository": "RSPM",
      "Hash": "77bd60a6157420d4ffa93b27cf6a58b8"
    },
    "formatR": {
      "Package": "formatR",
      "Version": "1.11",
      "Source": "Repository",
      "Repository": "RSPM",
      "Hash": "2590a6a868515a69f258640a51b724c9"
    },
    "fs": {
      "Package": "fs",
      "Version": "1.5.0",
      "Source": "Repository",
      "Repository": "RSPM",
      "Hash": "44594a07a42e5f91fac9f93fda6d0109"
    },
    "futile.logger": {
      "Package": "futile.logger",
      "Version": "1.4.3",
      "Source": "Repository",
      "Repository": "RSPM",
      "Hash": "99f0ace8c05ec7d3683d27083c4f1e7e"
    },
    "futile.options": {
      "Package": "futile.options",
      "Version": "1.0.1",
      "Source": "Repository",
      "Repository": "RSPM",
      "Hash": "0d9bf02413ddc2bbe8da9ce369dcdd2b"
    },
    "genefilter": {
      "Package": "genefilter",
      "Version": "1.74.0",
      "Source": "Bioconductor",
      "Hash": "2809a814fa16e99a9fe2be360020ad26"
    },
    "geneplotter": {
      "Package": "geneplotter",
      "Version": "1.70.0",
      "Source": "Bioconductor",
      "Hash": "1396b70958202bd801bfa23d23747fb5"
    },
    "ggplot2": {
      "Package": "ggplot2",
      "Version": "3.3.5",
      "Source": "Repository",
      "Repository": "RSPM",
      "Hash": "d7566c471c7b17e095dd023b9ef155ad"
    },
    "glue": {
      "Package": "glue",
      "Version": "1.4.2",
      "Source": "Repository",
      "Repository": "RSPM",
      "Hash": "6efd734b14c6471cfe443345f3e35e29"
    },
    "gplots": {
      "Package": "gplots",
      "Version": "3.1.1",
      "Source": "Repository",
      "Repository": "RSPM",
      "Hash": "e65e5d5dea4cbb9ba822dcd782b2ee1f"
    },
    "graph": {
      "Package": "graph",
      "Version": "1.70.0",
      "Source": "Bioconductor",
      "Hash": "959c5ec255150e48b198d57ffd2d375e"
    },
    "gtable": {
      "Package": "gtable",
      "Version": "0.3.0",
      "Source": "Repository",
      "Repository": "RSPM",
      "Hash": "ac5c6baf7822ce8732b343f14c072c4d"
    },
    "gtools": {
      "Package": "gtools",
      "Version": "3.9.2",
      "Source": "Repository",
      "Repository": "RSPM",
      "Hash": "2ace6c4a06297d0b364e0444384a2b82"
    },
    "highr": {
      "Package": "highr",
      "Version": "0.9",
      "Source": "Repository",
      "Repository": "RSPM",
      "Hash": "8eb36c8125038e648e5d111c0d7b2ed4"
    },
    "htmltools": {
      "Package": "htmltools",
      "Version": "0.5.2",
      "Source": "Repository",
      "Repository": "RSPM",
      "Hash": "526c484233f42522278ab06fb185cb26"
    },
    "httpuv": {
      "Package": "httpuv",
      "Version": "1.6.2",
      "Source": "Repository",
      "Repository": "RSPM",
      "Hash": "a42959b003aad9fc351b10250c5a6b77"
    },
    "httr": {
      "Package": "httr",
      "Version": "1.4.2",
      "Source": "Repository",
      "Repository": "RSPM",
      "Hash": "a525aba14184fec243f9eaec62fbed43"
    },
    "igraph": {
      "Package": "igraph",
      "Version": "1.2.6",
      "Source": "Repository",
      "Repository": "RSPM",
      "Hash": "7b1f856410253d56ea67ad808f7cdff6"
    },
    "impute": {
      "Package": "impute",
      "Version": "1.66.0",
      "Source": "Bioconductor",
      "Hash": "4f931d8be41e242d282980962c44028b"
    },
    "irr": {
      "Package": "irr",
      "Version": "0.84.1",
      "Source": "Repository",
      "Repository": "RSPM",
      "Hash": "c059ff4d347eb2b6b799cc0e7b982fe6"
    },
    "isoband": {
      "Package": "isoband",
      "Version": "0.2.5",
      "Source": "Repository",
      "Repository": "RSPM",
      "Hash": "7ab57a6de7f48a8dc84910d1eca42883"
    },
    "jquerylib": {
      "Package": "jquerylib",
      "Version": "0.1.4",
      "Source": "Repository",
      "Repository": "RSPM",
      "Hash": "5aab57a3bd297eee1c1d862735972182"
    },
    "jsonlite": {
      "Package": "jsonlite",
      "Version": "1.7.2",
      "Source": "Repository",
      "Repository": "RSPM",
      "Hash": "98138e0994d41508c7a6b84a0600cfcb"
    },
    "knitr": {
      "Package": "knitr",
      "Version": "1.33",
      "Source": "Repository",
      "Repository": "RSPM",
      "Hash": "0bc1b5da1b0eb07cd4b727e95e9ff0b8"
    },
    "labeling": {
      "Package": "labeling",
      "Version": "0.4.2",
      "Source": "Repository",
      "Repository": "RSPM",
      "Hash": "3d5108641f47470611a32d0bdf357a72"
    },
    "lambda.r": {
      "Package": "lambda.r",
      "Version": "1.2.4",
      "Source": "Repository",
      "Repository": "RSPM",
      "Hash": "b1e925c4b9ffeb901bacf812cbe9a6ad"
    },
    "later": {
      "Package": "later",
      "Version": "1.3.0",
      "Source": "Repository",
      "Repository": "RSPM",
      "Hash": "7e7b457d7766bc47f2a5f21cc2984f8e"
    },
    "lattice": {
      "Package": "lattice",
      "Version": "0.20-44",
      "Source": "Repository",
      "Repository": "RSPM",
      "Hash": "f36bf1a849d9106dc2af72e501f9de41"
    },
    "lifecycle": {
      "Package": "lifecycle",
      "Version": "1.0.0",
      "Source": "Repository",
      "Repository": "RSPM",
      "Hash": "3471fb65971f1a7b2d4ae7848cf2db8d"
    },
    "limma": {
      "Package": "limma",
      "Version": "3.48.3",
      "Source": "Bioconductor",
      "Hash": "61010acc75a8ef2e7e08eb907d9a551c"
    },
    "locfit": {
      "Package": "locfit",
      "Version": "1.5-9.4",
      "Source": "Repository",
      "Repository": "RSPM",
      "Hash": "760b5b542e8435237d1b3c253bfe18e7"
    },
    "lpSolve": {
      "Package": "lpSolve",
      "Version": "5.6.15",
      "Source": "Repository",
      "Repository": "RSPM",
      "Hash": "90c3bc497e7d5ec9dbb863621be15abb"
    },
    "magrittr": {
      "Package": "magrittr",
      "Version": "2.0.1",
      "Source": "Repository",
      "Repository": "RSPM",
      "Hash": "41287f1ac7d28a92f0a286ed507928d3"
    },
    "markdown": {
      "Package": "markdown",
      "Version": "1.1",
      "Source": "Repository",
      "Repository": "RSPM",
      "Hash": "61e4a10781dd00d7d81dd06ca9b94e95"
    },
    "matrixStats": {
      "Package": "matrixStats",
      "Version": "0.60.1",
      "Source": "Repository",
      "Repository": "RSPM",
      "Hash": "c3cd22becabe4f29ee047221cc2b89ae"
    },
    "memoise": {
      "Package": "memoise",
      "Version": "2.0.0",
      "Source": "Repository",
      "Repository": "RSPM",
      "Hash": "a0bc51650201a56d00a4798523cc91b3"
    },
    "mgcv": {
      "Package": "mgcv",
      "Version": "1.8-36",
      "Source": "Repository",
      "Repository": "RSPM",
      "Hash": "93cc747b0e1ad882a4570463c3575c23"
    },
    "mime": {
      "Package": "mime",
      "Version": "0.11",
      "Source": "Repository",
      "Repository": "RSPM",
      "Hash": "8974a907200fc9948d636fe7d85ca9fb"
    },
    "multtest": {
      "Package": "multtest",
      "Version": "2.48.0",
      "Source": "Bioconductor",
      "Hash": "a4b99124b7239035a0ef59f1e7b846bd"
    },
    "munsell": {
      "Package": "munsell",
      "Version": "0.5.0",
      "Source": "Repository",
      "Repository": "RSPM",
      "Hash": "6dfe8bf774944bd5595785e3229d8771"
    },
    "nlme": {
      "Package": "nlme",
      "Version": "3.1-152",
      "Source": "Repository",
      "Repository": "CRAN",
      "Hash": "35de1ce639f20b5e10f7f46260730c65"
    },
    "openssl": {
      "Package": "openssl",
      "Version": "1.4.4",
      "Source": "Repository",
      "Repository": "RSPM",
      "Hash": "f4dbc5a47fd93d3415249884d31d6791"
    },
    "openxlsx": {
      "Package": "openxlsx",
      "Version": "4.2.4",
      "Source": "Repository",
      "Repository": "RSPM",
      "Hash": "f1b1ca1254ccb485dccc9c0dc65a2c36"
    },
    "pillar": {
      "Package": "pillar",
      "Version": "1.6.2",
      "Source": "Repository",
      "Repository": "RSPM",
      "Hash": "43f228eb4b49093d1c8a5c93cae9efe9"
    },
    "pkgconfig": {
      "Package": "pkgconfig",
      "Version": "2.0.3",
      "Source": "Repository",
      "Repository": "RSPM",
      "Hash": "01f28d4278f15c76cddbea05899c5d6f"
    },
    "plogr": {
      "Package": "plogr",
      "Version": "0.2.0",
      "Source": "Repository",
      "Repository": "RSPM",
      "Hash": "09eb987710984fc2905c7129c7d85e65"
    },
    "plyr": {
      "Package": "plyr",
      "Version": "1.8.6",
      "Source": "Repository",
      "Repository": "RSPM",
      "Hash": "ec0e5ab4e5f851f6ef32cd1d1984957f"
    },
    "png": {
      "Package": "png",
      "Version": "0.1-7",
      "Source": "Repository",
      "Repository": "RSPM",
      "Hash": "03b7076c234cb3331288919983326c55"
    },
    "preproc": {
      "Package": "preproc",
      "Version": "1.2-4",
      "Source": "GitHub",
      "RemoteType": "github",
      "RemoteHost": "api.github.com",
      "RemoteRepo": "preproc",
      "RemoteUsername": "metaOmics",
      "RemoteRef": "HEAD",
      "RemoteSha": "5e2bbd50c348ce29fa80674f842df368b8fde20b",
      "Hash": "0f4d1c01fabe2e3c75faf016ad60fcfe"
    },
    "promises": {
      "Package": "promises",
      "Version": "1.2.0.1",
      "Source": "Repository",
      "Repository": "RSPM",
      "Hash": "4ab2c43adb4d4699cf3690acd378d75d"
    },
    "quantmod": {
      "Package": "quantmod",
      "Version": "0.4.18",
      "Source": "Repository",
      "Repository": "RSPM",
      "Hash": "d9dd45d86b5a23984ed50d5c35724702"
    },
    "rappdirs": {
      "Package": "rappdirs",
      "Version": "0.3.3",
      "Source": "Repository",
      "Repository": "RSPM",
      "Hash": "5e3c5dc0b071b21fa128676560dbe94d"
    },
    "renv": {
      "Package": "renv",
      "Version": "0.14.0",
      "Source": "Repository",
      "Repository": "RSPM",
      "Hash": "30e5eba91b67f7f4d75d31de14bbfbdc"
    },
    "rlang": {
      "Package": "rlang",
      "Version": "0.4.11",
      "Source": "Repository",
      "Repository": "RSPM",
      "Hash": "515f341d3affe0de9e4a7f762efb0456"
    },
    "rmarkdown": {
      "Package": "rmarkdown",
      "Version": "2.10",
      "Source": "Repository",
      "Repository": "RSPM",
      "Hash": "1fb097f233ee98968f8e5d0bcd42df6d"
    },
    "rpart": {
      "Package": "rpart",
      "Version": "4.1-15",
      "Source": "Repository",
      "Repository": "CRAN",
      "Hash": "9787c1fcb680e655d062e7611cadf78e"
    },
    "samr": {
      "Package": "samr",
      "Version": "3.0",
      "Source": "Repository",
      "Repository": "RSPM",
      "Hash": "4bffa539b8fcbb3ed035230b0ac14be1"
    },
    "sass": {
      "Package": "sass",
      "Version": "0.4.0",
      "Source": "Repository",
      "Repository": "RSPM",
      "Hash": "50cf822feb64bb3977bda0b7091be623"
    },
    "scales": {
      "Package": "scales",
      "Version": "1.1.1",
      "Source": "Repository",
      "Repository": "RSPM",
      "Hash": "6f76f71042411426ec8df6c54f34e6dd"
    },
    "servr": {
      "Package": "servr",
      "Version": "0.23",
      "Source": "Repository",
      "Repository": "RSPM",
      "Hash": "75a40cd4f8503fe175be6b213009767f"
    },
    "shape": {
      "Package": "shape",
      "Version": "1.4.6",
      "Source": "Repository",
      "Repository": "RSPM",
      "Hash": "9067f962730f58b14d8ae54ca885509f"
    },
    "shiny": {
      "Package": "shiny",
      "Version": "1.6.0",
      "Source": "Repository",
      "Repository": "RSPM",
      "Hash": "6e3b6ae7fe02b5859e4bb277f218b8ae"
    },
    "shinyFiles": {
      "Package": "shinyFiles",
      "Version": "0.9.0",
      "Source": "Repository",
      "Repository": "RSPM",
      "Hash": "b89af8b86b622bf54a81012e44352804"
    },
    "snow": {
      "Package": "snow",
      "Version": "0.4-3",
      "Source": "Repository",
      "Repository": "RSPM",
      "Hash": "11b822ad6214111a4188d5e5fd1b144c"
    },
    "snowfall": {
      "Package": "snowfall",
      "Version": "1.84-6.1",
      "Source": "Repository",
      "Repository": "RSPM",
      "Hash": "b5fbc9e2fb5072eb284ecfe970270309"
    },
    "sourcetools": {
      "Package": "sourcetools",
      "Version": "0.1.7",
      "Source": "Repository",
      "Repository": "RSPM",
      "Hash": "947e4e02a79effa5d512473e10f41797"
    },
    "stringi": {
      "Package": "stringi",
      "Version": "1.7.4",
      "Source": "Repository",
      "Repository": "RSPM",
      "Hash": "ebaccb577da50829a3bb1b8296f318a5"
    },
    "stringr": {
      "Package": "stringr",
      "Version": "1.4.0",
      "Source": "Repository",
      "Repository": "RSPM",
      "Hash": "0759e6b6c0957edb1311028a49a35e76"
    },
    "survival": {
      "Package": "survival",
      "Version": "3.2-13",
      "Source": "Repository",
      "Repository": "RSPM",
      "Hash": "6f0a0fadc63bc6570fe172770f15bbc4"
    },
    "sys": {
      "Package": "sys",
      "Version": "3.4",
      "Source": "Repository",
      "Repository": "RSPM",
      "Hash": "b227d13e29222b4574486cfcbde077fa"
    },
    "tibble": {
      "Package": "tibble",
      "Version": "3.1.4",
      "Source": "Repository",
      "Repository": "RSPM",
      "Hash": "5e8ad5621e5c94b24ec07b88eee13df8"
    },
    "tinytex": {
      "Package": "tinytex",
      "Version": "0.33",
      "Source": "Repository",
      "Repository": "RSPM",
      "Hash": "6e0ad90ac5669e35d5456cb61b295acb"
    },
    "utf8": {
      "Package": "utf8",
      "Version": "1.2.2",
      "Source": "Repository",
      "Repository": "RSPM",
      "Hash": "c9c462b759a5cc844ae25b5942654d13"
    },
    "vctrs": {
      "Package": "vctrs",
      "Version": "0.3.8",
      "Source": "Repository",
      "Repository": "RSPM",
      "Hash": "ecf749a1b39ea72bd9b51b76292261f1"
    },
    "viridisLite": {
      "Package": "viridisLite",
      "Version": "0.4.0",
      "Source": "Repository",
      "Repository": "RSPM",
      "Hash": "55e157e2aa88161bdb0754218470d204"
    },
    "withr": {
      "Package": "withr",
      "Version": "2.4.2",
      "Source": "Repository",
      "Repository": "RSPM",
      "Hash": "ad03909b44677f930fa156d47d7a3aeb"
    },
    "xaringan": {
      "Package": "xaringan",
      "Version": "0.22",
      "Source": "Repository",
      "Repository": "RSPM",
      "Hash": "c0ed5b878f24730ed7f4afbb95af84ae"
    },
    "xfun": {
      "Package": "xfun",
      "Version": "0.25",
      "Source": "Repository",
      "Repository": "RSPM",
      "Hash": "853d45ffff0a9af1e0af017cd359f75e"
    },
    "xtable": {
      "Package": "xtable",
      "Version": "1.8-4",
      "Source": "Repository",
      "Repository": "RSPM",
      "Hash": "b8acdf8af494d9ec19ccb2481a9b11c2"
    },
    "xts": {
      "Package": "xts",
      "Version": "0.12.1",
      "Source": "Repository",
      "Repository": "RSPM",
      "Hash": "ca2fd4ad8ef78cca3aa2b30f992798a8"
    },
    "yaml": {
      "Package": "yaml",
      "Version": "2.2.1",
      "Source": "Repository",
      "Repository": "RSPM",
      "Hash": "2826c5d9efb0a88f657c7a679c7106db"
    },
    "zip": {
      "Package": "zip",
      "Version": "2.2.0",
      "Source": "Repository",
      "Repository": "RSPM",
      "Hash": "c7eef2996ac270a18c2715c997a727c5"
    },
    "zlibbioc": {
      "Package": "zlibbioc",
      "Version": "1.38.0",
      "Source": "Bioconductor",
      "Hash": "fb9cf082f0e3c89e05a720003fa94450"
    },
    "zoo": {
      "Package": "zoo",
      "Version": "1.8-9",
      "Source": "Repository",
      "Repository": "RSPM",
      "Hash": "035d1c7c12593038c26fb1c2fd40c4d2"
    }
  }
}
